
Microsoft Visual Studio Solution File, Format Version 12.00
# Visual Studio 15
Project("{FAE04EC0-301F-11D3-BF4B-00C04F79EFBC}") = "Assembly-CSharp", "Assembly-CSharp.csproj", "{500E1845-5426-9C6B-B230-4B1736342682}"
EndProject
Project("{FAE04EC0-301F-11D3-BF4B-00C04F79EFBC}") = "Assembly-CSharp-Editor-firstpass", "Assembly-CSharp-Editor-firstpass.csproj", "{0CC4FB1A-6CFF-E361-3C81-FBE341FDA1ED}"
EndProject
Global
	GlobalSection(SolutionConfigurationPlatforms) = preSolution
		Debug|Any CPU = Debug|Any CPU
		Release|Any CPU = Release|Any CPU
	EndGlobalSection
	GlobalSection(ProjectConfigurationPlatforms) = postSolution
		{500E1845-5426-9C6B-B230-4B1736342682}.Debug|Any CPU.ActiveCfg = Debug|Any CPU
		{500E1845-5426-9C6B-B230-4B1736342682}.Debug|Any CPU.Build.0 = Debug|Any CPU
		{500E1845-5426-9C6B-B230-4B1736342682}.Release|Any CPU.ActiveCfg = Release|Any CPU
		{500E1845-5426-9C6B-B230-4B1736342682}.Release|Any CPU.Build.0 = Release|Any CPU
		{0CC4FB1A-6CFF-E361-3C81-FBE341FDA1ED}.Debug|Any CPU.ActiveCfg = Debug|Any CPU
		{0CC4FB1A-6CFF-E361-3C81-FBE341FDA1ED}.Debug|Any CPU.Build.0 = Debug|Any CPU
		{0CC4FB1A-6CFF-E361-3C81-FBE341FDA1ED}.Release|Any CPU.ActiveCfg = Release|Any CPU
		{0CC4FB1A-6CFF-E361-3C81-FBE341FDA1ED}.Release|Any CPU.Build.0 = Release|Any CPU
	EndGlobalSection
	GlobalSection(SolutionProperties) = preSolution
		HideSolutionNode = FALSE
	EndGlobalSection
EndGlobal
